// !$*UTF8*$!
{
	archiveVersion = 1;
	classes = {
	};
	objectVersion = 50;
	objects = {

/* Begin PBXBuildFile section */
		954B6088224CB2B800880CC0 /* main.cpp in Sources */ = {isa = PBXBuildFile; fileRef = 954B6087224CB2B800880CC0 /* main.cpp */; };
		954B60902250D92D00880CC0 /* Payoff.cpp in Sources */ = {isa = PBXBuildFile; fileRef = 954B608E2250D92D00880CC0 /* Payoff.cpp */; };
		954B60962250E23E00880CC0 /* PayoffStrategy.cpp in Sources */ = {isa = PBXBuildFile; fileRef = 954B60942250E23E00880CC0 /* PayoffStrategy.cpp */; };
		954B60992250E93600880CC0 /* MAPS.cpp in Sources */ = {isa = PBXBuildFile; fileRef = 954B60972250E93600880CC0 /* MAPS.cpp */; };
		954B609C22511F1A00880CC0 /* Range.cpp in Sources */ = {isa = PBXBuildFile; fileRef = 954B609A22511F1900880CC0 /* Range.cpp */; };
		954B609F2251205C00880CC0 /* Point.cpp in Sources */ = {isa = PBXBuildFile; fileRef = 954B609D2251205C00880CC0 /* Point.cpp */; };
		954B60A222512F2D00880CC0 /* LineSegment.cpp in Sources */ = {isa = PBXBuildFile; fileRef = 954B60A022512F2D00880CC0 /* LineSegment.cpp */; };
		954B60A42253985500880CC0 /* SetThing.cpp in Sources */ = {isa = PBXBuildFile; fileRef = 954B60A32253985500880CC0 /* SetThing.cpp */; };
		954B60A722539EF100880CC0 /* PropertyThing.cpp in Sources */ = {isa = PBXBuildFile; fileRef = 954B60A522539EF100880CC0 /* PropertyThing.cpp */; };
		954B60AA2253A0E800880CC0 /* Property.cpp in Sources */ = {isa = PBXBuildFile; fileRef = 954B60A82253A0E800880CC0 /* Property.cpp */; };
		954B60AC2253AB5400880CC0 /* RunThisProgram1.cpp in Sources */ = {isa = PBXBuildFile; fileRef = 954B60AB2253AB5400880CC0 /* RunThisProgram1.cpp */; };
		954B60AF2253ADAE00880CC0 /* SimplePropertySet.cpp in Sources */ = {isa = PBXBuildFile; fileRef = 954B60AD2253ADAE00880CC0 /* SimplePropertySet.cpp */; };
		954B60B22253B85400880CC0 /* Set.cpp in Sources */ = {isa = PBXBuildFile; fileRef = 954B60B02253B85400880CC0 /* Set.cpp */; };
		9575D1082253F81600C9FE4A /* Array.cpp in Sources */ = {isa = PBXBuildFile; fileRef = 9575D1062253F81600C9FE4A /* Array.cpp */; };
		9575D10B2253F95100C9FE4A /* ArrayStructure.cpp in Sources */ = {isa = PBXBuildFile; fileRef = 9575D1092253F95100C9FE4A /* ArrayStructure.cpp */; };
		9575D10E2253FC2B00C9FE4A /* FullArray.cpp in Sources */ = {isa = PBXBuildFile; fileRef = 9575D10C2253FC2B00C9FE4A /* FullArray.cpp */; };
		9575D1112254D53400C9FE4A /* MatrixStructure.cpp in Sources */ = {isa = PBXBuildFile; fileRef = 9575D10F2254D53400C9FE4A /* MatrixStructure.cpp */; };
		9575D1142254DDAF00C9FE4A /* FullMatrix.cpp in Sources */ = {isa = PBXBuildFile; fileRef = 9575D1122254DDAF00C9FE4A /* FullMatrix.cpp */; };
/* End PBXBuildFile section */

/* Begin PBXCopyFilesBuildPhase section */
		954B6082224CB2B800880CC0 /* CopyFiles */ = {
			isa = PBXCopyFilesBuildPhase;
			buildActionMask = 2147483647;
			dstPath = /usr/share/man/man1/;
			dstSubfolderSpec = 0;
			files = (
			);
			runOnlyForDeploymentPostprocessing = 1;
		};
/* End PBXCopyFilesBuildPhase section */

/* Begin PBXFileReference section */
		954B6084224CB2B800880CC0 /* CPPFINENG */ = {isa = PBXFileReference; explicitFileType = "compiled.mach-o.executable"; includeInIndex = 0; path = CPPFINENG; sourceTree = BUILT_PRODUCTS_DIR; };
		954B6087224CB2B800880CC0 /* main.cpp */ = {isa = PBXFileReference; lastKnownFileType = sourcecode.cpp.cpp; path = main.cpp; sourceTree = "<group>"; };
		954B608E2250D92D00880CC0 /* Payoff.cpp */ = {isa = PBXFileReference; lastKnownFileType = sourcecode.cpp.cpp; path = Payoff.cpp; sourceTree = "<group>"; };
		954B608F2250D92D00880CC0 /* Payoff.hpp */ = {isa = PBXFileReference; lastKnownFileType = sourcecode.cpp.h; path = Payoff.hpp; sourceTree = "<group>"; };
		954B60942250E23E00880CC0 /* PayoffStrategy.cpp */ = {isa = PBXFileReference; lastKnownFileType = sourcecode.cpp.cpp; path = PayoffStrategy.cpp; sourceTree = "<group>"; };
		954B60952250E23E00880CC0 /* PayoffStrategy.hpp */ = {isa = PBXFileReference; lastKnownFileType = sourcecode.cpp.h; path = PayoffStrategy.hpp; sourceTree = "<group>"; };
		954B60972250E93600880CC0 /* MAPS.cpp */ = {isa = PBXFileReference; lastKnownFileType = sourcecode.cpp.cpp; path = MAPS.cpp; sourceTree = "<group>"; };
		954B60982250E93600880CC0 /* MAPS.hpp */ = {isa = PBXFileReference; lastKnownFileType = sourcecode.cpp.h; path = MAPS.hpp; sourceTree = "<group>"; };
		954B609A22511F1900880CC0 /* Range.cpp */ = {isa = PBXFileReference; lastKnownFileType = sourcecode.cpp.cpp; path = Range.cpp; sourceTree = "<group>"; };
		954B609B22511F1900880CC0 /* Range.hpp */ = {isa = PBXFileReference; lastKnownFileType = sourcecode.cpp.h; path = Range.hpp; sourceTree = "<group>"; };
		954B609D2251205C00880CC0 /* Point.cpp */ = {isa = PBXFileReference; lastKnownFileType = sourcecode.cpp.cpp; path = Point.cpp; sourceTree = "<group>"; };
		954B609E2251205C00880CC0 /* Point.hpp */ = {isa = PBXFileReference; lastKnownFileType = sourcecode.cpp.h; path = Point.hpp; sourceTree = "<group>"; };
		954B60A022512F2D00880CC0 /* LineSegment.cpp */ = {isa = PBXFileReference; lastKnownFileType = sourcecode.cpp.cpp; path = LineSegment.cpp; sourceTree = "<group>"; };
		954B60A122512F2D00880CC0 /* LineSegment.hpp */ = {isa = PBXFileReference; lastKnownFileType = sourcecode.cpp.h; path = LineSegment.hpp; sourceTree = "<group>"; };
		954B60A32253985500880CC0 /* SetThing.cpp */ = {isa = PBXFileReference; lastKnownFileType = sourcecode.cpp.cpp; path = SetThing.cpp; sourceTree = "<group>"; };
		954B60A522539EF100880CC0 /* PropertyThing.cpp */ = {isa = PBXFileReference; lastKnownFileType = sourcecode.cpp.cpp; path = PropertyThing.cpp; sourceTree = "<group>"; };
		954B60A622539EF100880CC0 /* PropertyThing.hpp */ = {isa = PBXFileReference; lastKnownFileType = sourcecode.cpp.h; path = PropertyThing.hpp; sourceTree = "<group>"; };
		954B60A82253A0E800880CC0 /* Property.cpp */ = {isa = PBXFileReference; lastKnownFileType = sourcecode.cpp.cpp; path = Property.cpp; sourceTree = "<group>"; };
		954B60A92253A0E800880CC0 /* Property.hpp */ = {isa = PBXFileReference; lastKnownFileType = sourcecode.cpp.h; path = Property.hpp; sourceTree = "<group>"; };
		954B60AB2253AB5400880CC0 /* RunThisProgram1.cpp */ = {isa = PBXFileReference; lastKnownFileType = sourcecode.cpp.cpp; path = RunThisProgram1.cpp; sourceTree = "<group>"; };
		954B60AD2253ADAE00880CC0 /* SimplePropertySet.cpp */ = {isa = PBXFileReference; lastKnownFileType = sourcecode.cpp.cpp; path = SimplePropertySet.cpp; sourceTree = "<group>"; };
		954B60AE2253ADAE00880CC0 /* SimplePropertySet.hpp */ = {isa = PBXFileReference; lastKnownFileType = sourcecode.cpp.h; path = SimplePropertySet.hpp; sourceTree = "<group>"; };
		954B60B02253B85400880CC0 /* Set.cpp */ = {isa = PBXFileReference; lastKnownFileType = sourcecode.cpp.cpp; path = Set.cpp; sourceTree = "<group>"; };
		954B60B12253B85400880CC0 /* Set.hpp */ = {isa = PBXFileReference; lastKnownFileType = sourcecode.cpp.h; path = Set.hpp; sourceTree = "<group>"; };
		9575D1062253F81600C9FE4A /* Array.cpp */ = {isa = PBXFileReference; lastKnownFileType = sourcecode.cpp.cpp; path = Array.cpp; sourceTree = "<group>"; };
		9575D1072253F81600C9FE4A /* Array.hpp */ = {isa = PBXFileReference; lastKnownFileType = sourcecode.cpp.h; path = Array.hpp; sourceTree = "<group>"; };
		9575D1092253F95100C9FE4A /* ArrayStructure.cpp */ = {isa = PBXFileReference; lastKnownFileType = sourcecode.cpp.cpp; path = ArrayStructure.cpp; sourceTree = "<group>"; };
		9575D10A2253F95100C9FE4A /* ArrayStructure.hpp */ = {isa = PBXFileReference; lastKnownFileType = sourcecode.cpp.h; path = ArrayStructure.hpp; sourceTree = "<group>"; };
		9575D10C2253FC2B00C9FE4A /* FullArray.cpp */ = {isa = PBXFileReference; lastKnownFileType = sourcecode.cpp.cpp; path = FullArray.cpp; sourceTree = "<group>"; };
		9575D10D2253FC2B00C9FE4A /* FullArray.hpp */ = {isa = PBXFileReference; lastKnownFileType = sourcecode.cpp.h; path = FullArray.hpp; sourceTree = "<group>"; };
		9575D10F2254D53400C9FE4A /* MatrixStructure.cpp */ = {isa = PBXFileReference; lastKnownFileType = sourcecode.cpp.cpp; path = MatrixStructure.cpp; sourceTree = "<group>"; };
		9575D1102254D53400C9FE4A /* MatrixStructure.hpp */ = {isa = PBXFileReference; lastKnownFileType = sourcecode.cpp.h; path = MatrixStructure.hpp; sourceTree = "<group>"; };
		9575D1122254DDAF00C9FE4A /* FullMatrix.cpp */ = {isa = PBXFileReference; lastKnownFileType = sourcecode.cpp.cpp; path = FullMatrix.cpp; sourceTree = "<group>"; };
		9575D1132254DDAF00C9FE4A /* FullMatrix.hpp */ = {isa = PBXFileReference; lastKnownFileType = sourcecode.cpp.h; path = FullMatrix.hpp; sourceTree = "<group>"; };
/* End PBXFileReference section */

/* Begin PBXFrameworksBuildPhase section */
		954B6081224CB2B800880CC0 /* Frameworks */ = {
			isa = PBXFrameworksBuildPhase;
			buildActionMask = 2147483647;
			files = (
			);
			runOnlyForDeploymentPostprocessing = 0;
		};
/* End PBXFrameworksBuildPhase section */

/* Begin PBXGroup section */
		954B607B224CB2B800880CC0 = {
			isa = PBXGroup;
			children = (
				954B6086224CB2B800880CC0 /* CPPFINENG */,
			);
			sourceTree = "<group>";
		};
		954B6085224CB2B800880CC0 /* Products */ = {
			isa = PBXGroup;
			children = (
				954B6084224CB2B800880CC0 /* CPPFINENG */,
			);
			name = Products;
			path = ..;
			sourceTree = "<group>";
		};
		954B6086224CB2B800880CC0 /* CPPFINENG */ = {
			isa = PBXGroup;
			children = (
				9575D1052253F7F000C9FE4A /* Utility */,
				954B6087224CB2B800880CC0 /* main.cpp */,
				954B60AD2253ADAE00880CC0 /* SimplePropertySet.cpp */,
				954B60AE2253ADAE00880CC0 /* SimplePropertySet.hpp */,
				954B60A522539EF100880CC0 /* PropertyThing.cpp */,
				954B60A622539EF100880CC0 /* PropertyThing.hpp */,
				954B60A82253A0E800880CC0 /* Property.cpp */,
				954B60A92253A0E800880CC0 /* Property.hpp */,
				954B60AB2253AB5400880CC0 /* RunThisProgram1.cpp */,
				954B60A32253985500880CC0 /* SetThing.cpp */,
				954B60B02253B85400880CC0 /* Set.cpp */,
				954B60B12253B85400880CC0 /* Set.hpp */,
				954B608E2250D92D00880CC0 /* Payoff.cpp */,
				954B608F2250D92D00880CC0 /* Payoff.hpp */,
				954B60942250E23E00880CC0 /* PayoffStrategy.cpp */,
				954B60952250E23E00880CC0 /* PayoffStrategy.hpp */,
				954B60972250E93600880CC0 /* MAPS.cpp */,
				954B60982250E93600880CC0 /* MAPS.hpp */,
				954B609A22511F1900880CC0 /* Range.cpp */,
				954B609B22511F1900880CC0 /* Range.hpp */,
				954B609D2251205C00880CC0 /* Point.cpp */,
				954B609E2251205C00880CC0 /* Point.hpp */,
				954B60A022512F2D00880CC0 /* LineSegment.cpp */,
				954B60A122512F2D00880CC0 /* LineSegment.hpp */,
				954B6085224CB2B800880CC0 /* Products */,
			);
			path = CPPFINENG;
			sourceTree = "<group>";
		};
		9575D1052253F7F000C9FE4A /* Utility */ = {
			isa = PBXGroup;
			children = (
				9575D1062253F81600C9FE4A /* Array.cpp */,
				9575D1072253F81600C9FE4A /* Array.hpp */,
				9575D1092253F95100C9FE4A /* ArrayStructure.cpp */,
				9575D10A2253F95100C9FE4A /* ArrayStructure.hpp */,
				9575D10C2253FC2B00C9FE4A /* FullArray.cpp */,
				9575D10D2253FC2B00C9FE4A /* FullArray.hpp */,
				9575D10F2254D53400C9FE4A /* MatrixStructure.cpp */,
				9575D1102254D53400C9FE4A /* MatrixStructure.hpp */,
				9575D1122254DDAF00C9FE4A /* FullMatrix.cpp */,
				9575D1132254DDAF00C9FE4A /* FullMatrix.hpp */,
			);
			path = Utility;
			sourceTree = "<group>";
		};
/* End PBXGroup section */

/* Begin PBXNativeTarget section */
		954B6083224CB2B800880CC0 /* CPPFINENG */ = {
			isa = PBXNativeTarget;
			buildConfigurationList = 954B608B224CB2B800880CC0 /* Build configuration list for PBXNativeTarget "CPPFINENG" */;
			buildPhases = (
				954B6080224CB2B800880CC0 /* Sources */,
				954B6081224CB2B800880CC0 /* Frameworks */,
				954B6082224CB2B800880CC0 /* CopyFiles */,
			);
			buildRules = (
			);
			dependencies = (
			);
			name = CPPFINENG;
			productName = CPPFINENG;
			productReference = 954B6084224CB2B800880CC0 /* CPPFINENG */;
			productType = "com.apple.product-type.tool";
		};
/* End PBXNativeTarget section */

/* Begin PBXProject section */
		954B607C224CB2B800880CC0 /* Project object */ = {
			isa = PBXProject;
			attributes = {
				LastUpgradeCheck = 1010;
				ORGANIZATIONNAME = "Minh Thành Nguyễn";
				TargetAttributes = {
					954B6083224CB2B800880CC0 = {
						CreatedOnToolsVersion = 10.1;
					};
				};
			};
			buildConfigurationList = 954B607F224CB2B800880CC0 /* Build configuration list for PBXProject "CPPFINENG" */;
			compatibilityVersion = "Xcode 9.3";
			developmentRegion = en;
			hasScannedForEncodings = 0;
			knownRegions = (
				en,
			);
			mainGroup = 954B607B224CB2B800880CC0;
			productRefGroup = 954B6085224CB2B800880CC0 /* Products */;
			projectDirPath = "";
			projectRoot = "";
			targets = (
				954B6083224CB2B800880CC0 /* CPPFINENG */,
			);
		};
/* End PBXProject section */

/* Begin PBXSourcesBuildPhase section */
		954B6080224CB2B800880CC0 /* Sources */ = {
			isa = PBXSourcesBuildPhase;
			buildActionMask = 2147483647;
			files = (
				9575D10E2253FC2B00C9FE4A /* FullArray.cpp in Sources */,
				954B60AA2253A0E800880CC0 /* Property.cpp in Sources */,
				954B60AF2253ADAE00880CC0 /* SimplePropertySet.cpp in Sources */,
				954B60AC2253AB5400880CC0 /* RunThisProgram1.cpp in Sources */,
				954B609F2251205C00880CC0 /* Point.cpp in Sources */,
				9575D10B2253F95100C9FE4A /* ArrayStructure.cpp in Sources */,
				954B60902250D92D00880CC0 /* Payoff.cpp in Sources */,
				954B60A222512F2D00880CC0 /* LineSegment.cpp in Sources */,
				954B60A42253985500880CC0 /* SetThing.cpp in Sources */,
				954B609C22511F1A00880CC0 /* Range.cpp in Sources */,
				954B6088224CB2B800880CC0 /* main.cpp in Sources */,
				9575D1112254D53400C9FE4A /* MatrixStructure.cpp in Sources */,
				954B60A722539EF100880CC0 /* PropertyThing.cpp in Sources */,
				9575D1142254DDAF00C9FE4A /* FullMatrix.cpp in Sources */,
				954B60B22253B85400880CC0 /* Set.cpp in Sources */,
				954B60992250E93600880CC0 /* MAPS.cpp in Sources */,
				954B60962250E23E00880CC0 /* PayoffStrategy.cpp in Sources */,
				9575D1082253F81600C9FE4A /* Array.cpp in Sources */,
			);
			runOnlyForDeploymentPostprocessing = 0;
		};
/* End PBXSourcesBuildPhase section */

/* Begin XCBuildConfiguration section */
		954B6089224CB2B800880CC0 /* Debug */ = {
			isa = XCBuildConfiguration;
			buildSettings = {
				ALWAYS_SEARCH_USER_PATHS = NO;
				CLANG_ANALYZER_NONNULL = YES;
				CLANG_ANALYZER_NUMBER_OBJECT_CONVERSION = YES_AGGRESSIVE;
				CLANG_CXX_LANGUAGE_STANDARD = "gnu++14";
				CLANG_CXX_LIBRARY = "libc++";
				CLANG_ENABLE_MODULES = YES;
				CLANG_ENABLE_OBJC_ARC = YES;
				CLANG_ENABLE_OBJC_WEAK = YES;
				CLANG_WARN_BLOCK_CAPTURE_AUTORELEASING = YES;
				CLANG_WARN_BOOL_CONVERSION = YES;
				CLANG_WARN_COMMA = YES;
				CLANG_WARN_CONSTANT_CONVERSION = YES;
				CLANG_WARN_DEPRECATED_OBJC_IMPLEMENTATIONS = YES;
				CLANG_WARN_DIRECT_OBJC_ISA_USAGE = YES_ERROR;
				CLANG_WARN_DOCUMENTATION_COMMENTS = YES;
				CLANG_WARN_EMPTY_BODY = YES;
				CLANG_WARN_ENUM_CONVERSION = YES;
				CLANG_WARN_INFINITE_RECURSION = YES;
				CLANG_WARN_INT_CONVERSION = YES;
				CLANG_WARN_NON_LITERAL_NULL_CONVERSION = YES;
				CLANG_WARN_OBJC_IMPLICIT_RETAIN_SELF = YES;
				CLANG_WARN_OBJC_LITERAL_CONVERSION = YES;
				CLANG_WARN_OBJC_ROOT_CLASS = YES_ERROR;
				CLANG_WARN_RANGE_LOOP_ANALYSIS = YES;
				CLANG_WARN_STRICT_PROTOTYPES = YES;
				CLANG_WARN_SUSPICIOUS_MOVE = YES;
				CLANG_WARN_UNGUARDED_AVAILABILITY = YES_AGGRESSIVE;
				CLANG_WARN_UNREACHABLE_CODE = YES;
				CLANG_WARN__DUPLICATE_METHOD_MATCH = YES;
				CODE_SIGN_IDENTITY = "-";
				COPY_PHASE_STRIP = NO;
				DEBUG_INFORMATION_FORMAT = dwarf;
				ENABLE_STRICT_OBJC_MSGSEND = YES;
				ENABLE_TESTABILITY = YES;
				GCC_C_LANGUAGE_STANDARD = gnu11;
				GCC_DYNAMIC_NO_PIC = NO;
				GCC_NO_COMMON_BLOCKS = YES;
				GCC_OPTIMIZATION_LEVEL = 0;
				GCC_PREPROCESSOR_DEFINITIONS = (
					"DEBUG=1",
					"$(inherited)",
				);
				GCC_WARN_64_TO_32_BIT_CONVERSION = YES;
				GCC_WARN_ABOUT_RETURN_TYPE = YES_ERROR;
				GCC_WARN_UNDECLARED_SELECTOR = YES;
				GCC_WARN_UNINITIALIZED_AUTOS = YES_AGGRESSIVE;
				GCC_WARN_UNUSED_FUNCTION = YES;
				GCC_WARN_UNUSED_VARIABLE = YES;
				MACOSX_DEPLOYMENT_TARGET = 10.14;
				MTL_ENABLE_DEBUG_INFO = INCLUDE_SOURCE;
				MTL_FAST_MATH = YES;
				ONLY_ACTIVE_ARCH = YES;
				SDKROOT = macosx;
			};
			name = Debug;
		};
		954B608A224CB2B800880CC0 /* Release */ = {
			isa = XCBuildConfiguration;
			buildSettings = {
				ALWAYS_SEARCH_USER_PATHS = NO;
				CLANG_ANALYZER_NONNULL = YES;
				CLANG_ANALYZER_NUMBER_OBJECT_CONVERSION = YES_AGGRESSIVE;
				CLANG_CXX_LANGUAGE_STANDARD = "gnu++14";
				CLANG_CXX_LIBRARY = "libc++";
				CLANG_ENABLE_MODULES = YES;
				CLANG_ENABLE_OBJC_ARC = YES;
				CLANG_ENABLE_OBJC_WEAK = YES;
				CLANG_WARN_BLOCK_CAPTURE_AUTORELEASING = YES;
				CLANG_WARN_BOOL_CONVERSION = YES;
				CLANG_WARN_COMMA = YES;
				CLANG_WARN_CONSTANT_CONVERSION = YES;
				CLANG_WARN_DEPRECATED_OBJC_IMPLEMENTATIONS = YES;
				CLANG_WARN_DIRECT_OBJC_ISA_USAGE = YES_ERROR;
				CLANG_WARN_DOCUMENTATION_COMMENTS = YES;
				CLANG_WARN_EMPTY_BODY = YES;
				CLANG_WARN_ENUM_CONVERSION = YES;
				CLANG_WARN_INFINITE_RECURSION = YES;
				CLANG_WARN_INT_CONVERSION = YES;
				CLANG_WARN_NON_LITERAL_NULL_CONVERSION = YES;
				CLANG_WARN_OBJC_IMPLICIT_RETAIN_SELF = YES;
				CLANG_WARN_OBJC_LITERAL_CONVERSION = YES;
				CLANG_WARN_OBJC_ROOT_CLASS = YES_ERROR;
				CLANG_WARN_RANGE_LOOP_ANALYSIS = YES;
				CLANG_WARN_STRICT_PROTOTYPES = YES;
				CLANG_WARN_SUSPICIOUS_MOVE = YES;
				CLANG_WARN_UNGUARDED_AVAILABILITY = YES_AGGRESSIVE;
				CLANG_WARN_UNREACHABLE_CODE = YES;
				CLANG_WARN__DUPLICATE_METHOD_MATCH = YES;
				CODE_SIGN_IDENTITY = "-";
				COPY_PHASE_STRIP = NO;
				DEBUG_INFORMATION_FORMAT = "dwarf-with-dsym";
				ENABLE_NS_ASSERTIONS = NO;
				ENABLE_STRICT_OBJC_MSGSEND = YES;
				GCC_C_LANGUAGE_STANDARD = gnu11;
				GCC_NO_COMMON_BLOCKS = YES;
				GCC_WARN_64_TO_32_BIT_CONVERSION = YES;
				GCC_WARN_ABOUT_RETURN_TYPE = YES_ERROR;
				GCC_WARN_UNDECLARED_SELECTOR = YES;
				GCC_WARN_UNINITIALIZED_AUTOS = YES_AGGRESSIVE;
				GCC_WARN_UNUSED_FUNCTION = YES;
				GCC_WARN_UNUSED_VARIABLE = YES;
				MACOSX_DEPLOYMENT_TARGET = 10.14;
				MTL_ENABLE_DEBUG_INFO = NO;
				MTL_FAST_MATH = YES;
				SDKROOT = macosx;
			};
			name = Release;
		};
		954B608C224CB2B800880CC0 /* Debug */ = {
			isa = XCBuildConfiguration;
			buildSettings = {
				CODE_SIGN_STYLE = Automatic;
				PRODUCT_NAME = "$(TARGET_NAME)";
			};
			name = Debug;
		};
		954B608D224CB2B800880CC0 /* Release */ = {
			isa = XCBuildConfiguration;
			buildSettings = {
				CODE_SIGN_STYLE = Automatic;
				PRODUCT_NAME = "$(TARGET_NAME)";
			};
			name = Release;
		};
/* End XCBuildConfiguration section */

/* Begin XCConfigurationList section */
		954B607F224CB2B800880CC0 /* Build configuration list for PBXProject "CPPFINENG" */ = {
			isa = XCConfigurationList;
			buildConfigurations = (
				954B6089224CB2B800880CC0 /* Debug */,
				954B608A224CB2B800880CC0 /* Release */,
			);
			defaultConfigurationIsVisible = 0;
			defaultConfigurationName = Release;
		};
		954B608B224CB2B800880CC0 /* Build configuration list for PBXNativeTarget "CPPFINENG" */ = {
			isa = XCConfigurationList;
			buildConfigurations = (
				954B608C224CB2B800880CC0 /* Debug */,
				954B608D224CB2B800880CC0 /* Release */,
			);
			defaultConfigurationIsVisible = 0;
			defaultConfigurationName = Release;
		};
/* End XCConfigurationList section */
	};
	rootObject = 954B607C224CB2B800880CC0 /* Project object */;
}
